
Microsoft Visual Studio Solution File, Format Version 12.00
# Visual Studio Version 16
VisualStudioVersion = 16.0.29418.71
MinimumVisualStudioVersion = 10.0.40219.1
Project("{FAE04EC0-301F-11D3-BF4B-00C04F79EFBC}") = "UrlShortener", "UrlShortener\UrlShortener.csproj", "{5EDBD16A-2D99-41C3-9315-CFD6CF63C715}"
EndProject
Project("{2150E333-8FDC-42A3-9474-1A3956D46DE8}") = "Api", "Api", "{57685F85-9597-4A25-8F71-50117769C339}"
EndProject
Project("{FAE04EC0-301F-11D3-BF4B-00C04F79EFBC}") = "Data", "Data\Data.csproj", "{E82FF7BF-27DA-41A3-8292-EDF34F114DFB}"
EndProject
Project("{FAE04EC0-301F-11D3-BF4B-00C04F79EFBC}") = "Core", "Core\Core.csproj", "{6EA28FA8-213C-4F74-B64F-D8C3B811EF0E}"
EndProject
Global
	GlobalSection(SolutionConfigurationPlatforms) = preSolution
		Debug|Any CPU = Debug|Any CPU
		Release|Any CPU = Release|Any CPU
	EndGlobalSection
	GlobalSection(ProjectConfigurationPlatforms) = postSolution
		{5EDBD16A-2D99-41C3-9315-CFD6CF63C715}.Debug|Any CPU.ActiveCfg = Debug|Any CPU
		{5EDBD16A-2D99-41C3-9315-CFD6CF63C715}.Debug|Any CPU.Build.0 = Debug|Any CPU
		{5EDBD16A-2D99-41C3-9315-CFD6CF63C715}.Release|Any CPU.ActiveCfg = Release|Any CPU
		{5EDBD16A-2D99-41C3-9315-CFD6CF63C715}.Release|Any CPU.Build.0 = Release|Any CPU
		{E82FF7BF-27DA-41A3-8292-EDF34F114DFB}.Debug|Any CPU.ActiveCfg = Debug|Any CPU
		{E82FF7BF-27DA-41A3-8292-EDF34F114DFB}.Debug|Any CPU.Build.0 = Debug|Any CPU
		{E82FF7BF-27DA-41A3-8292-EDF34F114DFB}.Release|Any CPU.ActiveCfg = Release|Any CPU
		{E82FF7BF-27DA-41A3-8292-EDF34F114DFB}.Release|Any CPU.Build.0 = Release|Any CPU
		{6EA28FA8-213C-4F74-B64F-D8C3B811EF0E}.Debug|Any CPU.ActiveCfg = Debug|Any CPU
		{6EA28FA8-213C-4F74-B64F-D8C3B811EF0E}.Debug|Any CPU.Build.0 = Debug|Any CPU
		{6EA28FA8-213C-4F74-B64F-D8C3B811EF0E}.Release|Any CPU.ActiveCfg = Release|Any CPU
		{6EA28FA8-213C-4F74-B64F-D8C3B811EF0E}.Release|Any CPU.Build.0 = Release|Any CPU
	EndGlobalSection
	GlobalSection(SolutionProperties) = preSolution
		HideSolutionNode = FALSE
	EndGlobalSection
	GlobalSection(NestedProjects) = preSolution
		{5EDBD16A-2D99-41C3-9315-CFD6CF63C715} = {57685F85-9597-4A25-8F71-50117769C339}
	EndGlobalSection
	GlobalSection(ExtensibilityGlobals) = postSolution
		SolutionGuid = {8CA41123-5FEF-47D2-9161-58F08D88D7B0}
	EndGlobalSection
EndGlobal
